
Microsoft Visual Studio Solution File, Format Version 12.00
# Visual Studio Version 17
VisualStudioVersion = 17.5.33530.505
MinimumVisualStudioVersion = 10.0.40219.1
Project("{FAE04EC0-301F-11D3-BF4B-00C04F79EFBC}") = "test_bank_lib", "test_bank_lib.csproj", "{23D5555B-3FEF-4334-9327-A70243D64C48}"
EndProject
Global
	GlobalSection(SolutionConfigurationPlatforms) = preSolution
		Debug|Any CPU = Debug|Any CPU
		Release|Any CPU = Release|Any CPU
	EndGlobalSection
	GlobalSection(ProjectConfigurationPlatforms) = postSolution
		{23D5555B-3FEF-4334-9327-A70243D64C48}.Debug|Any CPU.ActiveCfg = Debug|Any CPU
		{23D5555B-3FEF-4334-9327-A70243D64C48}.Debug|Any CPU.Build.0 = Debug|Any CPU
		{23D5555B-3FEF-4334-9327-A70243D64C48}.Release|Any CPU.ActiveCfg = Release|Any CPU
		{23D5555B-3FEF-4334-9327-A70243D64C48}.Release|Any CPU.Build.0 = Release|Any CPU
	EndGlobalSection
	GlobalSection(SolutionProperties) = preSolution
		HideSolutionNode = FALSE
	EndGlobalSection
	GlobalSection(ExtensibilityGlobals) = postSolution
		SolutionGuid = {98AC56B1-92D7-466A-AFBF-DB4B64278A14}
	EndGlobalSection
EndGlobal
